{
  "name": "edison",
  "version": "1.0.0",
  "dependencies": {
    "@types/bluebird": {
      "version": "3.0.37",
      "from": "@types/bluebird@>=3.0.36 <3.1.0",
      "resolved": "https://registry.npmjs.org/@types/bluebird/-/bluebird-3.0.37.tgz"
    },
    "@types/express": {
      "version": "4.0.35",
      "from": "@types/express@>=4.0.34 <4.1.0",
      "resolved": "https://registry.npmjs.org/@types/express/-/express-4.0.35.tgz"
    },
    "@types/express-serve-static-core": {
      "version": "4.0.44",
      "from": "@types/express-serve-static-core@*",
      "resolved": "https://registry.npmjs.org/@types/express-serve-static-core/-/express-serve-static-core-4.0.44.tgz"
    },
    "@types/mime": {
      "version": "0.0.29",
      "from": "@types/mime@*",
      "resolved": "https://registry.npmjs.org/@types/mime/-/mime-0.0.29.tgz"
    },
    "@types/node": {
      "version": "7.0.12",
      "from": "@types/node@*",
      "resolved": "https://registry.npmjs.org/@types/node/-/node-7.0.12.tgz"
    },
    "@types/serve-static": {
      "version": "1.7.31",
      "from": "@types/serve-static@*",
      "resolved": "https://registry.npmjs.org/@types/serve-static/-/serve-static-1.7.31.tgz"
    },
    "accepts": {
      "version": "1.3.3",
      "from": "accepts@>=1.3.3 <1.4.0",
      "resolved": "https://registry.npmjs.org/accepts/-/accepts-1.3.3.tgz"
    },
    "ajv": {
      "version": "4.11.7",
      "from": "ajv@>=4.9.1 <5.0.0",
      "resolved": "https://registry.npmjs.org/ajv/-/ajv-4.11.7.tgz"
    },
    "array-flatten": {
      "version": "1.1.1",
      "from": "array-flatten@1.1.1",
      "resolved": "https://registry.npmjs.org/array-flatten/-/array-flatten-1.1.1.tgz"
    },
    "asn1": {
      "version": "0.2.3",
      "from": "asn1@>=0.2.3 <0.3.0",
      "resolved": "https://registry.npmjs.org/asn1/-/asn1-0.2.3.tgz"
    },
    "asn1js": {
      "version": "1.2.12",
      "from": "asn1js@>=1.2.12 <2.0.0",
      "resolved": "https://registry.npmjs.org/asn1js/-/asn1js-1.2.12.tgz"
    },
    "assert-plus": {
      "version": "0.2.0",
      "from": "assert-plus@>=0.2.0 <0.3.0",
      "resolved": "https://registry.npmjs.org/assert-plus/-/assert-plus-0.2.0.tgz"
    },
    "asynckit": {
      "version": "0.4.0",
      "from": "asynckit@>=0.4.0 <0.5.0",
      "resolved": "https://registry.npmjs.org/asynckit/-/asynckit-0.4.0.tgz"
    },
    "aws-sign2": {
      "version": "0.6.0",
      "from": "aws-sign2@>=0.6.0 <0.7.0",
      "resolved": "https://registry.npmjs.org/aws-sign2/-/aws-sign2-0.6.0.tgz"
    },
    "aws4": {
      "version": "1.6.0",
      "from": "aws4@>=1.2.1 <2.0.0",
      "resolved": "https://registry.npmjs.org/aws4/-/aws4-1.6.0.tgz"
    },
    "bcrypt-pbkdf": {
      "version": "1.0.1",
      "from": "bcrypt-pbkdf@>=1.0.0 <2.0.0",
      "resolved": "https://registry.npmjs.org/bcrypt-pbkdf/-/bcrypt-pbkdf-1.0.1.tgz",
      "optional": true
    },
    "bluebird": {
      "version": "3.5.0",
      "from": "bluebird@>=3.4.0 <4.0.0",
      "resolved": "https://registry.npmjs.org/bluebird/-/bluebird-3.5.0.tgz"
    },
    "body-parser": {
      "version": "1.17.1",
      "from": "body-parser@>=1.14.2 <2.0.0",
      "resolved": "https://registry.npmjs.org/body-parser/-/body-parser-1.17.1.tgz"
    },
    "boom": {
      "version": "2.10.1",
      "from": "boom@>=2.0.0 <3.0.0",
      "resolved": "https://registry.npmjs.org/boom/-/boom-2.10.1.tgz"
    },
    "buffer-v6-polyfill": {
      "version": "1.0.3",
      "from": "buffer-v6-polyfill@>=1.0.3 <2.0.0",
      "resolved": "https://registry.npmjs.org/buffer-v6-polyfill/-/buffer-v6-polyfill-1.0.3.tgz"
    },
    "bytes": {
      "version": "2.4.0",
      "from": "bytes@2.4.0",
      "resolved": "https://registry.npmjs.org/bytes/-/bytes-2.4.0.tgz"
    },
    "caseless": {
      "version": "0.12.0",
      "from": "caseless@>=0.12.0 <0.13.0",
      "resolved": "https://registry.npmjs.org/caseless/-/caseless-0.12.0.tgz"
    },
    "certpem": {
      "version": "1.0.1",
      "from": "certpem@>=1.0.0 <2.0.0",
      "resolved": "https://registry.npmjs.org/certpem/-/certpem-1.0.1.tgz"
    },
    "co": {
      "version": "4.6.0",
      "from": "co@>=4.6.0 <5.0.0",
      "resolved": "https://registry.npmjs.org/co/-/co-4.6.0.tgz"
    },
    "combined-stream": {
      "version": "1.0.5",
      "from": "combined-stream@>=1.0.5 <1.1.0",
      "resolved": "https://registry.npmjs.org/combined-stream/-/combined-stream-1.0.5.tgz"
    },
    "content-disposition": {
      "version": "0.5.2",
      "from": "content-disposition@0.5.2",
      "resolved": "https://registry.npmjs.org/content-disposition/-/content-disposition-0.5.2.tgz"
    },
    "content-type": {
      "version": "1.0.2",
      "from": "content-type@>=1.0.2 <1.1.0",
      "resolved": "https://registry.npmjs.org/content-type/-/content-type-1.0.2.tgz"
    },
    "cookie": {
      "version": "0.3.1",
      "from": "cookie@0.3.1",
      "resolved": "https://registry.npmjs.org/cookie/-/cookie-0.3.1.tgz"
    },
    "cookie-signature": {
      "version": "1.0.6",
      "from": "cookie-signature@1.0.6",
      "resolved": "https://registry.npmjs.org/cookie-signature/-/cookie-signature-1.0.6.tgz"
    },
    "cryptiles": {
      "version": "2.0.5",
      "from": "cryptiles@>=2.0.0 <3.0.0",
      "resolved": "https://registry.npmjs.org/cryptiles/-/cryptiles-2.0.5.tgz"
    },
    "dashdash": {
      "version": "1.14.1",
      "from": "dashdash@>=1.12.0 <2.0.0",
      "resolved": "https://registry.npmjs.org/dashdash/-/dashdash-1.14.1.tgz",
      "dependencies": {
        "assert-plus": {
          "version": "1.0.0",
          "from": "assert-plus@>=1.0.0 <2.0.0",
          "resolved": "https://registry.npmjs.org/assert-plus/-/assert-plus-1.0.0.tgz"
        }
      }
    },
    "debug": {
      "version": "2.6.1",
      "from": "debug@2.6.1",
      "resolved": "https://registry.npmjs.org/debug/-/debug-2.6.1.tgz"
    },
    "delayed-stream": {
      "version": "1.0.0",
      "from": "delayed-stream@>=1.0.0 <1.1.0",
      "resolved": "https://registry.npmjs.org/delayed-stream/-/delayed-stream-1.0.0.tgz"
    },
    "depd": {
      "version": "1.1.0",
      "from": "depd@>=1.1.0 <1.2.0",
      "resolved": "https://registry.npmjs.org/depd/-/depd-1.1.0.tgz"
    },
    "destroy": {
      "version": "1.0.4",
      "from": "destroy@>=1.0.4 <1.1.0",
      "resolved": "https://registry.npmjs.org/destroy/-/destroy-1.0.4.tgz"
    },
    "ecc-jsbn": {
      "version": "0.1.1",
      "from": "ecc-jsbn@>=0.1.1 <0.2.0",
      "resolved": "https://registry.npmjs.org/ecc-jsbn/-/ecc-jsbn-0.1.1.tgz",
      "optional": true
    },
    "ee-first": {
      "version": "1.1.1",
      "from": "ee-first@1.1.1",
      "resolved": "https://registry.npmjs.org/ee-first/-/ee-first-1.1.1.tgz"
    },
    "encodeurl": {
      "version": "1.0.1",
      "from": "encodeurl@>=1.0.1 <1.1.0",
      "resolved": "https://registry.npmjs.org/encodeurl/-/encodeurl-1.0.1.tgz"
    },
    "escape-html": {
      "version": "1.0.3",
      "from": "escape-html@>=1.0.3 <1.1.0",
      "resolved": "https://registry.npmjs.org/escape-html/-/escape-html-1.0.3.tgz"
    },
    "etag": {
      "version": "1.8.0",
      "from": "etag@>=1.8.0 <1.9.0",
      "resolved": "https://registry.npmjs.org/etag/-/etag-1.8.0.tgz"
    },
    "express": {
      "version": "4.15.2",
      "from": "express@>=4.15.2 <5.0.0",
      "resolved": "https://registry.npmjs.org/express/-/express-4.15.2.tgz"
    },
    "express-validator": {
      "version": "3.1.2",
      "from": "express-validator@>=3.1.2 <4.0.0",
      "resolved": "https://registry.npmjs.org/express-validator/-/express-validator-3.1.2.tgz"
    },
    "extend": {
      "version": "3.0.0",
      "from": "extend@>=3.0.0 <3.1.0",
      "resolved": "https://registry.npmjs.org/extend/-/extend-3.0.0.tgz"
    },
    "extsprintf": {
      "version": "1.0.2",
      "from": "extsprintf@1.0.2",
      "resolved": "https://registry.npmjs.org/extsprintf/-/extsprintf-1.0.2.tgz"
    },
    "finalhandler": {
      "version": "1.0.1",
      "from": "finalhandler@>=1.0.0 <1.1.0",
      "resolved": "https://registry.npmjs.org/finalhandler/-/finalhandler-1.0.1.tgz",
      "dependencies": {
        "debug": {
          "version": "2.6.3",
          "from": "debug@2.6.3",
          "resolved": "https://registry.npmjs.org/debug/-/debug-2.6.3.tgz"
        }
      }
    },
    "forever-agent": {
      "version": "0.6.1",
      "from": "forever-agent@>=0.6.1 <0.7.0",
      "resolved": "https://registry.npmjs.org/forever-agent/-/forever-agent-0.6.1.tgz"
    },
    "form-data": {
      "version": "2.1.4",
      "from": "form-data@>=2.1.1 <2.2.0",
      "resolved": "https://registry.npmjs.org/form-data/-/form-data-2.1.4.tgz"
    },
    "forwarded": {
      "version": "0.1.0",
      "from": "forwarded@>=0.1.0 <0.2.0",
      "resolved": "https://registry.npmjs.org/forwarded/-/forwarded-0.1.0.tgz"
    },
    "fresh": {
      "version": "0.5.0",
      "from": "fresh@0.5.0",
      "resolved": "https://registry.npmjs.org/fresh/-/fresh-0.5.0.tgz"
    },
    "getpass": {
      "version": "0.1.6",
      "from": "getpass@>=0.1.1 <0.2.0",
      "resolved": "https://registry.npmjs.org/getpass/-/getpass-0.1.6.tgz",
      "dependencies": {
        "assert-plus": {
          "version": "1.0.0",
          "from": "assert-plus@>=1.0.0 <2.0.0",
          "resolved": "https://registry.npmjs.org/assert-plus/-/assert-plus-1.0.0.tgz"
        }
      }
    },
    "graceful-fs": {
      "version": "4.1.11",
      "from": "graceful-fs@>=4.1.3 <5.0.0",
      "resolved": "https://registry.npmjs.org/graceful-fs/-/graceful-fs-4.1.11.tgz"
    },
    "har-schema": {
      "version": "1.0.5",
      "from": "har-schema@>=1.0.5 <2.0.0",
      "resolved": "https://registry.npmjs.org/har-schema/-/har-schema-1.0.5.tgz"
    },
    "har-validator": {
      "version": "4.2.1",
      "from": "har-validator@>=4.2.1 <4.3.0",
      "resolved": "https://registry.npmjs.org/har-validator/-/har-validator-4.2.1.tgz"
    },
    "hawk": {
      "version": "3.1.3",
      "from": "hawk@>=3.1.3 <3.2.0",
      "resolved": "https://registry.npmjs.org/hawk/-/hawk-3.1.3.tgz"
    },
    "hoek": {
      "version": "2.16.3",
      "from": "hoek@>=2.0.0 <3.0.0",
      "resolved": "https://registry.npmjs.org/hoek/-/hoek-2.16.3.tgz"
    },
    "homedir": {
      "version": "0.6.0",
      "from": "homedir@>=0.6.0 <0.7.0",
      "resolved": "https://registry.npmjs.org/homedir/-/homedir-0.6.0.tgz"
    },
    "http-errors": {
      "version": "1.6.1",
      "from": "http-errors@>=1.6.1 <1.7.0",
      "resolved": "https://registry.npmjs.org/http-errors/-/http-errors-1.6.1.tgz"
    },
    "http-signature": {
      "version": "1.1.1",
      "from": "http-signature@>=1.1.0 <1.2.0",
      "resolved": "https://registry.npmjs.org/http-signature/-/http-signature-1.1.1.tgz"
    },
    "iconv-lite": {
      "version": "0.4.15",
      "from": "iconv-lite@0.4.15",
      "resolved": "https://registry.npmjs.org/iconv-lite/-/iconv-lite-0.4.15.tgz"
    },
    "inherits": {
      "version": "2.0.3",
      "from": "inherits@2.0.3",
      "resolved": "https://registry.npmjs.org/inherits/-/inherits-2.0.3.tgz"
    },
    "ipaddr.js": {
      "version": "1.3.0",
      "from": "ipaddr.js@1.3.0",
      "resolved": "https://registry.npmjs.org/ipaddr.js/-/ipaddr.js-1.3.0.tgz"
    },
    "is": {
      "version": "3.2.1",
      "from": "is@>=3.1.0 <4.0.0",
      "resolved": "https://registry.npmjs.org/is/-/is-3.2.1.tgz"
    },
    "is-promise": {
      "version": "2.1.0",
      "from": "is-promise@>=2.1.0 <3.0.0",
      "resolved": "https://registry.npmjs.org/is-promise/-/is-promise-2.1.0.tgz"
    },
    "is-typedarray": {
      "version": "1.0.0",
      "from": "is-typedarray@>=1.0.0 <1.1.0",
      "resolved": "https://registry.npmjs.org/is-typedarray/-/is-typedarray-1.0.0.tgz"
    },
    "isstream": {
      "version": "0.1.2",
      "from": "isstream@>=0.1.2 <0.2.0",
      "resolved": "https://registry.npmjs.org/isstream/-/isstream-0.1.2.tgz"
    },
    "jju": {
      "version": "1.3.0",
      "from": "jju@>=1.1.0 <2.0.0",
      "resolved": "https://registry.npmjs.org/jju/-/jju-1.3.0.tgz"
    },
    "jodid25519": {
      "version": "1.0.2",
      "from": "jodid25519@>=1.0.0 <2.0.0",
      "resolved": "https://registry.npmjs.org/jodid25519/-/jodid25519-1.0.2.tgz",
      "optional": true
    },
    "jsbn": {
      "version": "0.1.1",
      "from": "jsbn@>=0.1.0 <0.2.0",
      "resolved": "https://registry.npmjs.org/jsbn/-/jsbn-0.1.1.tgz",
      "optional": true
    },
    "json-parse-helpfulerror": {
      "version": "1.0.3",
      "from": "json-parse-helpfulerror@>=1.0.3 <2.0.0",
      "resolved": "https://registry.npmjs.org/json-parse-helpfulerror/-/json-parse-helpfulerror-1.0.3.tgz"
    },
    "json-schema": {
      "version": "0.2.3",
      "from": "json-schema@0.2.3",
      "resolved": "https://registry.npmjs.org/json-schema/-/json-schema-0.2.3.tgz"
    },
    "json-stable-stringify": {
      "version": "1.0.1",
      "from": "json-stable-stringify@>=1.0.1 <2.0.0",
      "resolved": "https://registry.npmjs.org/json-stable-stringify/-/json-stable-stringify-1.0.1.tgz"
    },
    "json-stringify-safe": {
      "version": "5.0.1",
      "from": "json-stringify-safe@>=5.0.1 <5.1.0",
      "resolved": "https://registry.npmjs.org/json-stringify-safe/-/json-stringify-safe-5.0.1.tgz"
    },
    "jsonify": {
      "version": "0.0.0",
      "from": "jsonify@>=0.0.0 <0.1.0",
      "resolved": "https://registry.npmjs.org/jsonify/-/jsonify-0.0.0.tgz"
    },
    "jsprim": {
      "version": "1.4.0",
      "from": "jsprim@>=1.2.2 <2.0.0",
      "resolved": "https://registry.npmjs.org/jsprim/-/jsprim-1.4.0.tgz",
      "dependencies": {
        "assert-plus": {
          "version": "1.0.0",
          "from": "assert-plus@1.0.0",
          "resolved": "https://registry.npmjs.org/assert-plus/-/assert-plus-1.0.0.tgz"
        }
      }
    },
    "le-acme-core": {
      "version": "2.0.9",
      "from": "le-acme-core@>=2.0.5 <3.0.0",
      "resolved": "https://registry.npmjs.org/le-acme-core/-/le-acme-core-2.0.9.tgz"
    },
    "le-challenge-fs": {
      "version": "2.0.8",
      "from": "le-challenge-fs@>=2.0.4 <3.0.0",
      "resolved": "https://registry.npmjs.org/le-challenge-fs/-/le-challenge-fs-2.0.8.tgz"
    },
    "le-challenge-sni": {
      "version": "2.0.1",
      "from": "le-challenge-sni@>=2.0.0 <3.0.0",
      "resolved": "https://registry.npmjs.org/le-challenge-sni/-/le-challenge-sni-2.0.1.tgz"
    },
    "le-sni-auto": {
      "version": "2.1.1",
      "from": "le-sni-auto@>=2.0.1 <3.0.0",
      "resolved": "https://registry.npmjs.org/le-sni-auto/-/le-sni-auto-2.1.1.tgz"
    },
    "le-store-certbot": {
      "version": "2.0.5",
      "from": "le-store-certbot@>=2.0.3 <3.0.0",
      "resolved": "https://registry.npmjs.org/le-store-certbot/-/le-store-certbot-2.0.5.tgz"
    },
    "le-tls-sni": {
      "version": "0.1.4",
      "from": "le-tls-sni@>=0.1.0 <0.2.0",
      "resolved": "https://registry.npmjs.org/le-tls-sni/-/le-tls-sni-0.1.4.tgz"
    },
    "letsencrypt": {
      "version": "2.1.8",
      "from": "letsencrypt@>=2.1.0 <3.0.0",
      "resolved": "https://registry.npmjs.org/letsencrypt/-/letsencrypt-2.1.8.tgz"
    },
    "letsencrypt-express": {
      "version": "2.0.6",
      "from": "letsencrypt-express@>=2.0.0 <3.0.0",
      "resolved": "https://registry.npmjs.org/letsencrypt-express/-/letsencrypt-express-2.0.6.tgz"
    },
    "localhost.daplie.com-certificates": {
      "version": "1.2.5",
      "from": "localhost.daplie.com-certificates@>=1.2.3 <2.0.0",
      "resolved": "https://registry.npmjs.org/localhost.daplie.com-certificates/-/localhost.daplie.com-certificates-1.2.5.tgz"
    },
    "lodash": {
      "version": "4.17.4",
      "from": "lodash@>=4.17.4 <5.0.0",
      "resolved": "https://registry.npmjs.org/lodash/-/lodash-4.17.4.tgz"
    },
    "lowdb": {
      "version": "0.16.0",
      "from": "lowdb@>=0.16.0 <0.17.0",
      "resolved": "https://registry.npmjs.org/lowdb/-/lowdb-0.16.0.tgz"
    },
    "media-typer": {
      "version": "0.3.0",
      "from": "media-typer@0.3.0",
      "resolved": "https://registry.npmjs.org/media-typer/-/media-typer-0.3.0.tgz"
    },
    "merge-descriptors": {
      "version": "1.0.1",
      "from": "merge-descriptors@1.0.1",
      "resolved": "https://registry.npmjs.org/merge-descriptors/-/merge-descriptors-1.0.1.tgz"
    },
    "methods": {
      "version": "1.1.2",
      "from": "methods@>=1.1.2 <1.2.0",
      "resolved": "https://registry.npmjs.org/methods/-/methods-1.1.2.tgz"
    },
    "mime": {
      "version": "1.3.4",
      "from": "mime@1.3.4",
      "resolved": "https://registry.npmjs.org/mime/-/mime-1.3.4.tgz"
    },
    "mime-db": {
      "version": "1.27.0",
      "from": "mime-db@>=1.27.0 <1.28.0",
      "resolved": "https://registry.npmjs.org/mime-db/-/mime-db-1.27.0.tgz"
    },
    "mime-types": {
      "version": "2.1.15",
      "from": "mime-types@>=2.1.13 <2.2.0",
      "resolved": "https://registry.npmjs.org/mime-types/-/mime-types-2.1.15.tgz"
    },
    "minimist": {
      "version": "0.0.8",
      "from": "minimist@0.0.8",
      "resolved": "https://registry.npmjs.org/minimist/-/minimist-0.0.8.tgz"
    },
    "mkdirp": {
      "version": "0.5.1",
      "from": "mkdirp@>=0.5.0 <0.6.0",
      "resolved": "https://registry.npmjs.org/mkdirp/-/mkdirp-0.5.1.tgz"
    },
    "ms": {
      "version": "0.7.2",
      "from": "ms@0.7.2",
      "resolved": "https://registry.npmjs.org/ms/-/ms-0.7.2.tgz"
    },
    "negotiator": {
      "version": "0.6.1",
      "from": "negotiator@0.6.1",
      "resolved": "https://registry.npmjs.org/negotiator/-/negotiator-0.6.1.tgz"
    },
    "node-forge": {
      "version": "0.6.49",
      "from": "node-forge@>=0.6.41 <0.7.0",
      "resolved": "https://registry.npmjs.org/node-forge/-/node-forge-0.6.49.tgz"
    },
    "node-uuid": {
      "version": "1.4.8",
      "from": "node-uuid@>=1.4.8 <2.0.0",
      "resolved": "https://registry.npmjs.org/node-uuid/-/node-uuid-1.4.8.tgz"
    },
    "node.extend": {
      "version": "1.1.6",
      "from": "node.extend@>=1.1.5 <2.0.0",
      "resolved": "https://registry.npmjs.org/node.extend/-/node.extend-1.1.6.tgz"
    },
    "oauth-sign": {
      "version": "0.8.2",
      "from": "oauth-sign@>=0.8.1 <0.9.0",
      "resolved": "https://registry.npmjs.org/oauth-sign/-/oauth-sign-0.8.2.tgz"
    },
    "on-finished": {
      "version": "2.3.0",
      "from": "on-finished@>=2.3.0 <2.4.0",
      "resolved": "https://registry.npmjs.org/on-finished/-/on-finished-2.3.0.tgz"
    },
    "parseurl": {
      "version": "1.3.1",
      "from": "parseurl@>=1.3.1 <1.4.0",
      "resolved": "https://registry.npmjs.org/parseurl/-/parseurl-1.3.1.tgz"
    },
    "path": {
      "version": "0.12.7",
      "from": "path@>=0.12.7 <0.13.0",
      "resolved": "https://registry.npmjs.org/path/-/path-0.12.7.tgz"
    },
    "path-to-regexp": {
      "version": "0.1.7",
      "from": "path-to-regexp@0.1.7",
      "resolved": "https://registry.npmjs.org/path-to-regexp/-/path-to-regexp-0.1.7.tgz"
    },
    "performance-now": {
      "version": "0.2.0",
      "from": "performance-now@>=0.2.0 <0.3.0",
      "resolved": "https://registry.npmjs.org/performance-now/-/performance-now-0.2.0.tgz"
    },
    "pkijs": {
      "version": "1.3.33",
      "from": "pkijs@>=1.3.27 <2.0.0",
      "resolved": "https://registry.npmjs.org/pkijs/-/pkijs-1.3.33.tgz"
    },
    "process": {
      "version": "0.11.9",
      "from": "process@>=0.11.1 <0.12.0",
      "resolved": "https://registry.npmjs.org/process/-/process-0.11.9.tgz"
    },
    "proxy-addr": {
      "version": "1.1.4",
      "from": "proxy-addr@>=1.1.3 <1.2.0",
      "resolved": "https://registry.npmjs.org/proxy-addr/-/proxy-addr-1.1.4.tgz"
    },
    "punycode": {
      "version": "1.4.1",
      "from": "punycode@>=1.4.1 <2.0.0",
      "resolved": "https://registry.npmjs.org/punycode/-/punycode-1.4.1.tgz"
    },
    "pyconf": {
      "version": "1.1.2",
      "from": "pyconf@>=1.1.2 <2.0.0",
      "resolved": "https://registry.npmjs.org/pyconf/-/pyconf-1.1.2.tgz"
    },
    "qs": {
      "version": "6.4.0",
      "from": "qs@6.4.0",
      "resolved": "https://registry.npmjs.org/qs/-/qs-6.4.0.tgz"
    },
    "range-parser": {
      "version": "1.2.0",
      "from": "range-parser@>=1.2.0 <1.3.0",
      "resolved": "https://registry.npmjs.org/range-parser/-/range-parser-1.2.0.tgz"
    },
    "raw-body": {
      "version": "2.2.0",
      "from": "raw-body@>=2.2.0 <2.3.0",
      "resolved": "https://registry.npmjs.org/raw-body/-/raw-body-2.2.0.tgz"
    },
    "redirect-https": {
      "version": "1.1.1",
      "from": "redirect-https@>=1.1.0 <2.0.0",
      "resolved": "https://registry.npmjs.org/redirect-https/-/redirect-https-1.1.1.tgz"
    },
    "request": {
      "version": "2.81.0",
      "from": "request@>=2.74.0 <3.0.0",
      "resolved": "https://registry.npmjs.org/request/-/request-2.81.0.tgz",
      "dependencies": {
        "uuid": {
          "version": "3.0.1",
          "from": "uuid@>=3.0.0 <4.0.0",
          "resolved": "https://registry.npmjs.org/uuid/-/uuid-3.0.1.tgz"
        }
      }
    },
    "rsa-compat": {
      "version": "1.2.7",
      "from": "rsa-compat@>=1.2.1 <2.0.0",
      "resolved": "https://registry.npmjs.org/rsa-compat/-/rsa-compat-1.2.7.tgz"
    },
    "safe-buffer": {
      "version": "5.0.1",
      "from": "safe-buffer@>=5.0.1 <6.0.0",
      "resolved": "https://registry.npmjs.org/safe-buffer/-/safe-buffer-5.0.1.tgz"
    },
    "safe-replace": {
      "version": "1.0.2",
      "from": "safe-replace@>=1.0.2 <2.0.0",
      "resolved": "https://registry.npmjs.org/safe-replace/-/safe-replace-1.0.2.tgz"
    },
    "send": {
      "version": "0.15.1",
      "from": "send@0.15.1",
      "resolved": "https://registry.npmjs.org/send/-/send-0.15.1.tgz"
    },
    "serve-static": {
      "version": "1.12.1",
      "from": "serve-static@1.12.1",
      "resolved": "https://registry.npmjs.org/serve-static/-/serve-static-1.12.1.tgz"
    },
    "setprototypeof": {
      "version": "1.0.3",
      "from": "setprototypeof@1.0.3",
      "resolved": "https://registry.npmjs.org/setprototypeof/-/setprototypeof-1.0.3.tgz"
    },
    "sntp": {
      "version": "1.0.9",
      "from": "sntp@>=1.0.0 <2.0.0",
      "resolved": "https://registry.npmjs.org/sntp/-/sntp-1.0.9.tgz"
    },
    "sshpk": {
      "version": "1.13.0",
      "from": "sshpk@>=1.7.0 <2.0.0",
      "resolved": "https://registry.npmjs.org/sshpk/-/sshpk-1.13.0.tgz",
      "dependencies": {
        "assert-plus": {
          "version": "1.0.0",
          "from": "assert-plus@>=1.0.0 <2.0.0",
          "resolved": "https://registry.npmjs.org/assert-plus/-/assert-plus-1.0.0.tgz"
        }
      }
    },
    "statuses": {
      "version": "1.3.1",
      "from": "statuses@>=1.3.1 <2.0.0",
      "resolved": "https://registry.npmjs.org/statuses/-/statuses-1.3.1.tgz"
    },
    "steno": {
      "version": "0.4.4",
      "from": "steno@>=0.4.1 <0.5.0",
      "resolved": "https://registry.npmjs.org/steno/-/steno-0.4.4.tgz"
    },
    "stringstream": {
      "version": "0.0.5",
      "from": "stringstream@>=0.0.4 <0.1.0",
      "resolved": "https://registry.npmjs.org/stringstream/-/stringstream-0.0.5.tgz"
    },
    "tough-cookie": {
      "version": "2.3.2",
      "from": "tough-cookie@>=2.3.0 <2.4.0",
      "resolved": "https://registry.npmjs.org/tough-cookie/-/tough-cookie-2.3.2.tgz"
    },
    "tunnel-agent": {
      "version": "0.6.0",
      "from": "tunnel-agent@>=0.6.0 <0.7.0",
      "resolved": "https://registry.npmjs.org/tunnel-agent/-/tunnel-agent-0.6.0.tgz"
    },
    "tweetnacl": {
      "version": "0.14.5",
      "from": "tweetnacl@>=0.14.0 <0.15.0",
      "resolved": "https://registry.npmjs.org/tweetnacl/-/tweetnacl-0.14.5.tgz",
      "optional": true
    },
    "type-is": {
      "version": "1.6.14",
      "from": "type-is@>=1.6.14 <1.7.0",
      "resolved": "https://registry.npmjs.org/type-is/-/type-is-1.6.14.tgz"
    },
    "unpipe": {
      "version": "1.0.0",
      "from": "unpipe@1.0.0",
      "resolved": "https://registry.npmjs.org/unpipe/-/unpipe-1.0.0.tgz"
    },
    "util": {
      "version": "0.10.3",
      "from": "util@>=0.10.3 <0.11.0",
      "resolved": "https://registry.npmjs.org/util/-/util-0.10.3.tgz",
      "dependencies": {
        "inherits": {
          "version": "2.0.1",
          "from": "inherits@2.0.1",
          "resolved": "https://registry.npmjs.org/inherits/-/inherits-2.0.1.tgz"
        }
      }
    },
    "utils-merge": {
      "version": "1.0.0",
      "from": "utils-merge@1.0.0",
      "resolved": "https://registry.npmjs.org/utils-merge/-/utils-merge-1.0.0.tgz"
    },
    "validator": {
      "version": "6.2.1",
      "from": "validator@>=6.2.0 <6.3.0",
      "resolved": "https://registry.npmjs.org/validator/-/validator-6.2.1.tgz"
    },
    "vary": {
      "version": "1.1.1",
      "from": "vary@>=1.1.0 <1.2.0",
      "resolved": "https://registry.npmjs.org/vary/-/vary-1.1.1.tgz"
    },
    "verror": {
      "version": "1.3.6",
      "from": "verror@1.3.6",
      "resolved": "https://registry.npmjs.org/verror/-/verror-1.3.6.tgz"
    }
  }
}
